
Microsoft Visual Studio Solution File, Format Version 12.00
# Visual Studio Version 17
VisualStudioVersion = 17.9.34723.18
MinimumVisualStudioVersion = 10.0.40219.1
Project("{FAE04EC0-301F-11D3-BF4B-00C04F79EFBC}") = "school-app", "school-app\school-app.csproj", "{93F06471-1527-42AB-8698-40E9251849BB}"
EndProject
Global
	GlobalSection(SolutionConfigurationPlatforms) = preSolution
		Debug|Any CPU = Debug|Any CPU
		Release|Any CPU = Release|Any CPU
	EndGlobalSection
	GlobalSection(ProjectConfigurationPlatforms) = postSolution
		{93F06471-1527-42AB-8698-40E9251849BB}.Debug|Any CPU.ActiveCfg = Debug|Any CPU
		{93F06471-1527-42AB-8698-40E9251849BB}.Debug|Any CPU.Build.0 = Debug|Any CPU
		{93F06471-1527-42AB-8698-40E9251849BB}.Release|Any CPU.ActiveCfg = Release|Any CPU
		{93F06471-1527-42AB-8698-40E9251849BB}.Release|Any CPU.Build.0 = Release|Any CPU
	EndGlobalSection
	GlobalSection(SolutionProperties) = preSolution
		HideSolutionNode = FALSE
	EndGlobalSection
	GlobalSection(ExtensibilityGlobals) = postSolution
		SolutionGuid = {68505307-401D-4970-8363-DA4503E4C1D2}
	EndGlobalSection
EndGlobal
